// !$*UTF8*$!
{
	archiveVersion = 1;
	classes = {
	};
	objectVersion = 77;
	objects = {

/* Begin PBXBuildFile section */
		041792B5CA80A6DA9189CFC6 /* NamespaceFilterView.swift in Sources */ = {isa = PBXBuildFile; fileRef = 244244F43B21EBFC4648FFE4 /* NamespaceFilterView.swift */; };
		046B8FDBD03C4CC2BA84547A /* ClusterManager.swift in Sources */ = {isa = PBXBuildFile; fileRef = EB85376BBCFAABB821772ACC /* ClusterManager.swift */; };
		04B1C0361E299F7E15AFB16C /* DaemonSetListView.swift in Sources */ = {isa = PBXBuildFile; fileRef = D5B98556AB2E7201A320F54A /* DaemonSetListView.swift */; };
		06B5786863D6F59519269186 /* NetworkPolicyListView.swift in Sources */ = {isa = PBXBuildFile; fileRef = 5885F1E716352933E31AA70B /* NetworkPolicyListView.swift */; };
		09D838A67105C163A00E1E4C /* GlobalSearchView.swift in Sources */ = {isa = PBXBuildFile; fileRef = FCF7BFDEF963A85714C20DF9 /* GlobalSearchView.swift */; };
		0D38C7EC643FE56ED058488D /* StatusBadge.swift in Sources */ = {isa = PBXBuildFile; fileRef = B279D795393EEC25B531B69A /* StatusBadge.swift */; };
		10F99191F6DA0EAABC627CA5 /* KeyboardShortcuts.swift in Sources */ = {isa = PBXBuildFile; fileRef = 5BAB52F8DE2AD85375F017D0 /* KeyboardShortcuts.swift */; };
		1419638027608FFE9118B2CC /* ServiceAccountListView.swift in Sources */ = {isa = PBXBuildFile; fileRef = 4B739605E129B91103638A40 /* ServiceAccountListView.swift */; };
		17769640F7DD92A045FC43CC /* PVCListView.swift in Sources */ = {isa = PBXBuildFile; fileRef = 0D7E37F4CDB2983CF8F88605 /* PVCListView.swift */; };
		23344B37BFA862151ECFDAF2 /* EventListView.swift in Sources */ = {isa = PBXBuildFile; fileRef = 005602B260B288C64379A46F /* EventListView.swift */; };
		23BBAB8C8DC66D29B27E516E /* RoleListView.swift in Sources */ = {isa = PBXBuildFile; fileRef = DE80C5EA9ABDDC5FFFFAB3C6 /* RoleListView.swift */; };
		24B91869CF52E21E9E0D7713 /* UUID+Stable.swift in Sources */ = {isa = PBXBuildFile; fileRef = 4FA047A319183FC7FD8758D5 /* UUID+Stable.swift */; };
		25BE2FD3A7FE485C43F52BE1 /* CodeEditor in Frameworks */ = {isa = PBXBuildFile; productRef = 67428439A2850C0C9FF54AB4 /* CodeEditor */; };
		26F2112B67E38745E46053DF /* ResourceKind.swift in Sources */ = {isa = PBXBuildFile; fileRef = 489D6D801DEABA8BDEA173CA /* ResourceKind.swift */; };
		2988F6C4D0A7812F9D2DC117 /* ExecService.swift in Sources */ = {isa = PBXBuildFile; fileRef = 5466252AE0DB6AD9415B8039 /* ExecService.swift */; };
		2A2B8750D898030788471A70 /* SwiftTerm in Frameworks */ = {isa = PBXBuildFile; productRef = B036DCE27351E283D659104A /* SwiftTerm */; };
		2A4B1F6D3D9ED5D469545623 /* PortForwardSheet.swift in Sources */ = {isa = PBXBuildFile; fileRef = 43772F9D96F34FE50DE0820A /* PortForwardSheet.swift */; };
		2A8101C9A30591EAB085E8AC /* StorageClassListView.swift in Sources */ = {isa = PBXBuildFile; fileRef = B6F5D0789ED78B3A27B06129 /* StorageClassListView.swift */; };
		2AB65B95A554DEEE673B408D /* DeploymentListView.swift in Sources */ = {isa = PBXBuildFile; fileRef = ED6BA8879CE2825DCC38A072 /* DeploymentListView.swift */; };
		2C6CF683D46A4AD06CF880FA /* TerminalViewModel.swift in Sources */ = {isa = PBXBuildFile; fileRef = D58CD3E1D4EE25DA821F941C /* TerminalViewModel.swift */; };
		2E83507A225730F35550766A /* StatefulSetListView.swift in Sources */ = {isa = PBXBuildFile; fileRef = A2D344C77C64DF23906E4314 /* StatefulSetListView.swift */; };
		315F810ED27DCC0B591F9FFC /* ClusterDashboardView.swift in Sources */ = {isa = PBXBuildFile; fileRef = 0C2D22AD536B713BEDEDFE35 /* ClusterDashboardView.swift */; };
		32344305A175CC2B10541546 /* NodeListView.swift in Sources */ = {isa = PBXBuildFile; fileRef = 8B4BB9B03BC639C4D3994FF0 /* NodeListView.swift */; };
		371653F1E59A3492031F4A8E /* SecretListView.swift in Sources */ = {isa = PBXBuildFile; fileRef = 0B99BCC99CCBABDBDBFC73C6 /* SecretListView.swift */; };
		38ADD7687E10C3D44A941C2D /* SettingsView.swift in Sources */ = {isa = PBXBuildFile; fileRef = B56FB03B6822D99EC59D81B9 /* SettingsView.swift */; };
		39843B0CED6B2D974A4B8A47 /* ServiceListView.swift in Sources */ = {isa = PBXBuildFile; fileRef = 2BE56E3029F9BDF65D3D9FDC /* ServiceListView.swift */; };
		3AAA5644008572DF4303B1A6 /* GlobalSearchViewModel.swift in Sources */ = {isa = PBXBuildFile; fileRef = 4EC04DCB829FC531C4B21B43 /* GlobalSearchViewModel.swift */; };
		3E55F2C8CFBF2FC4B90FFCFC /* ClusterConnection.swift in Sources */ = {isa = PBXBuildFile; fileRef = 081C539B73F507BE4FC463A6 /* ClusterConnection.swift */; };
		41792B556004D4F17782E7D8 /* AppCommands.swift in Sources */ = {isa = PBXBuildFile; fileRef = 5E713A2705FDBFD63A5D09E0 /* AppCommands.swift */; };
		42FB3775431228EED7FF4BBD /* LabelBadgeList.swift in Sources */ = {isa = PBXBuildFile; fileRef = 5CBE551EF94504FE22A9D30A /* LabelBadgeList.swift */; };
		490978C7B0D582051F2575B4 /* KlaroUITests.swift in Sources */ = {isa = PBXBuildFile; fileRef = CE85CE982D0E2AFAC9101877 /* KlaroUITests.swift */; };
		49505A38B3D78458F3A407C8 /* Color+Theme.swift in Sources */ = {isa = PBXBuildFile; fileRef = 265964CFFF97490822C6A21A /* Color+Theme.swift */; };
		49ED11CBE0D2608FD1C993A9 /* Date+RelativeTime.swift in Sources */ = {isa = PBXBuildFile; fileRef = 1EF0B0DB14F2B0E8BD5E8FA3 /* Date+RelativeTime.swift */; };
		4A915B58CD58489D03E790AF /* ClusterRoleListView.swift in Sources */ = {isa = PBXBuildFile; fileRef = 515CC9E8E7F4BA6BA45BD296 /* ClusterRoleListView.swift */; };
		5FC573E1333719F3E2FDCDFC /* Yams in Frameworks */ = {isa = PBXBuildFile; productRef = 4C9C5C0AB6A9D30B69DEBCE6 /* Yams */; };
		66A5A49173CB877F7DF938A9 /* CronJobListView.swift in Sources */ = {isa = PBXBuildFile; fileRef = 64117414FF2EB7227D847067 /* CronJobListView.swift */; };
		66E8AFF05CD4D86E61C0F6B4 /* PodListView.swift in Sources */ = {isa = PBXBuildFile; fileRef = 24A5666EA472DD544B711E1C /* PodListView.swift */; };
		69F6C0CDE5EC8FA8C558374C /* AppState.swift in Sources */ = {isa = PBXBuildFile; fileRef = 59FFB0F56E2A978126251663 /* AppState.swift */; };
		6D8653DEE54F6E6FE28FB174 /* EmptyStateView.swift in Sources */ = {isa = PBXBuildFile; fileRef = 9D90EA29923E963F31614E96 /* EmptyStateView.swift */; };
		6E0D0D0458A42AB6FBF354CF /* BottomPanelMode.swift in Sources */ = {isa = PBXBuildFile; fileRef = 01291E58975E41D4C89DD1B6 /* BottomPanelMode.swift */; };
		769EA51A3A2D14B7D4D09BCB /* ResourceWatcher.swift in Sources */ = {isa = PBXBuildFile; fileRef = D228E35DB21CD5108775C47D /* ResourceWatcher.swift */; };
		77616AAAFCA50BC66FC3B163 /* Theme.swift in Sources */ = {isa = PBXBuildFile; fileRef = 85022A4B84A4272F7A17C1F5 /* Theme.swift */; };
		77D95599CD5D015B5A60A906 /* ReplicaSetListView.swift in Sources */ = {isa = PBXBuildFile; fileRef = 1BD6FA5E13AE9CD64390EF65 /* ReplicaSetListView.swift */; };
		7A9B1589BA362BE3E4494545 /* ClusterRoleBindingListView.swift in Sources */ = {isa = PBXBuildFile; fileRef = 422FC34F828A95DFA80BDD30 /* ClusterRoleBindingListView.swift */; };
		7E3731C5815FFDF7D7BE486B /* TerminalContainerView.swift in Sources */ = {isa = PBXBuildFile; fileRef = 9DB301550D20811A42DE8304 /* TerminalContainerView.swift */; };
		830398D393A84D171A945B8F /* LogViewerView.swift in Sources */ = {isa = PBXBuildFile; fileRef = F7D3AC4DB90F3440AE29D692 /* LogViewerView.swift */; };
		83BC63667398EB30F7E9B7A3 /* SwiftkubeClient in Frameworks */ = {isa = PBXBuildFile; productRef = E19188BC1AE53392D7C8588C /* SwiftkubeClient */; };
		842C64CE8492B7C281E0B51F /* CommandPaletteView.swift in Sources */ = {isa = PBXBuildFile; fileRef = D06D982F1414C38249A2CC1E /* CommandPaletteView.swift */; };
		86245BCD90746DA430BDCAE7 /* BottomPanelView.swift in Sources */ = {isa = PBXBuildFile; fileRef = CBB9954C98141BAAEAA37862 /* BottomPanelView.swift */; };
		87BBACC8F6AC24811FC870B7 /* ResourceListViewModel.swift in Sources */ = {isa = PBXBuildFile; fileRef = 54BA1CDE786B63D234999E55 /* ResourceListViewModel.swift */; };
		8EABBE167F17718A88B67843 /* LogStreamService.swift in Sources */ = {isa = PBXBuildFile; fileRef = 5C6A80AB1BF018CA02D34CA8 /* LogStreamService.swift */; };
		91B750F4C7746BA7EC4B3D98 /* KubernetesService.swift in Sources */ = {isa = PBXBuildFile; fileRef = ABDFF55C6B6C2AF8C0A9DE9A /* KubernetesService.swift */; };
		95CD10250F13F09CE57D7FFD /* ClusterDashboardViewModel.swift in Sources */ = {isa = PBXBuildFile; fileRef = 7FC739DF4B63586DF7A0148E /* ClusterDashboardViewModel.swift */; };
		99C3177546D1DE9C371D93C9 /* Assets.xcassets in Resources */ = {isa = PBXBuildFile; fileRef = E5EA4B75A1D82ED12D36C4AA /* Assets.xcassets */; };
		9CBFB1CC02E303C2D32A69BA /* JobListView.swift in Sources */ = {isa = PBXBuildFile; fileRef = DA3D810F13E4AD29C3CAE392 /* JobListView.swift */; };
		9DCFC9F5F4A586888E1D6E59 /* PodDetailView.swift in Sources */ = {isa = PBXBuildFile; fileRef = D4140F1FF55C831B0DB23CC2 /* PodDetailView.swift */; };
		9ED138A87E003CD900819B19 /* CommandPaletteViewModel.swift in Sources */ = {isa = PBXBuildFile; fileRef = 250E5280FACCF9F3AA5181FB /* CommandPaletteViewModel.swift */; };
		A52968A5A61FE248386AB2A2 /* RoleBindingListView.swift in Sources */ = {isa = PBXBuildFile; fileRef = 29C057233614C09882A99461 /* RoleBindingListView.swift */; };
		A5E9DE7048465561BF4A43F9 /* PodLogsViewModel.swift in Sources */ = {isa = PBXBuildFile; fileRef = 7C93A2EF69638DF57E2F27EB /* PodLogsViewModel.swift */; };
		A91F0F69439877AE0A025076 /* PortForwardManager.swift in Sources */ = {isa = PBXBuildFile; fileRef = D114660B2DE722C998AFCCED /* PortForwardManager.swift */; };
		ABFA129C2002E6E7E5FA7A07 /* SidebarView.swift in Sources */ = {isa = PBXBuildFile; fileRef = 8C1D3B63F337725B28044A8D /* SidebarView.swift */; };
		AF5DB658219D747ECD0034A3 /* ConfigMapListView.swift in Sources */ = {isa = PBXBuildFile; fileRef = 604C0BFFD4A4D4ADA9B2F7F0 /* ConfigMapListView.swift */; };
		B18D22B189A6F1459ECFDE66 /* Constants.swift in Sources */ = {isa = PBXBuildFile; fileRef = 68E2566AB0D84080AACFDEC3 /* Constants.swift */; };
		B4D69F9C35A65C7BB69CE0D2 /* ClusterOverviewView.swift in Sources */ = {isa = PBXBuildFile; fileRef = 07FC1CE4F762DB792E521167 /* ClusterOverviewView.swift */; };
		B55AE8C33FC1CE848C04FFC3 /* PVListView.swift in Sources */ = {isa = PBXBuildFile; fileRef = AED22A22F588707E6BABCBC7 /* PVListView.swift */; };
		B9161EBDE6EC6711C953D938 /* ClusterViewModel.swift in Sources */ = {isa = PBXBuildFile; fileRef = 7D10616A01CFE17BC8B6EA25 /* ClusterViewModel.swift */; };
		C6C6D4C60A2FD870BED83622 /* KlaroTests.swift in Sources */ = {isa = PBXBuildFile; fileRef = A70C4D1336B2B00EFB5434E7 /* KlaroTests.swift */; };
		CCD2B0EA6A5B8D98623B464D /* ResourceCategory.swift in Sources */ = {isa = PBXBuildFile; fileRef = 7B4B3F248BE29417423CACC3 /* ResourceCategory.swift */; };
		D065CBD24477B571E8ED0AEA /* ClusterSwitcherView.swift in Sources */ = {isa = PBXBuildFile; fileRef = 450B8457971C95902DAFC7BA /* ClusterSwitcherView.swift */; };
		D41E4F94044DDEDF19778258 /* CapacityBar.swift in Sources */ = {isa = PBXBuildFile; fileRef = ACB1786F46D9857ACFB57428 /* CapacityBar.swift */; };
		D6A9B1E1F5F64C787889EF4D /* MetricsService.swift in Sources */ = {isa = PBXBuildFile; fileRef = 714692D8F205046CF077FB76 /* MetricsService.swift */; };
		D7B16A1102DAC24335C4AAB7 /* UnifiedWorkloadsView.swift in Sources */ = {isa = PBXBuildFile; fileRef = B1EBA89B0330F62715589B82 /* UnifiedWorkloadsView.swift */; };
		D8C6856B13F02B1487396178 /* ResourceTableView.swift in Sources */ = {isa = PBXBuildFile; fileRef = 228D79C917922B011A93A7BD /* ResourceTableView.swift */; };
		E0D9FB260391E9C6BDEDDA46 /* AgeLabel.swift in Sources */ = {isa = PBXBuildFile; fileRef = 3F267A3D222C2E036ABA07C0 /* AgeLabel.swift */; };
		E1FC37C5106338F805CCC794 /* IngressListView.swift in Sources */ = {isa = PBXBuildFile; fileRef = 36D600C301CE69DE3206C95A /* IngressListView.swift */; };
		E3F15F90D35BDFDBDC9312CC /* ResourceDetailViewModel.swift in Sources */ = {isa = PBXBuildFile; fileRef = 8354B23CBE82F439FFEB5F34 /* ResourceDetailViewModel.swift */; };
		E8F79726A54F9AA67792C1BE /* KubeconfigWatcher.swift in Sources */ = {isa = PBXBuildFile; fileRef = BA45744F7D29C8CF1DA6B907 /* KubeconfigWatcher.swift */; };
		E9008F451686127418B5785A /* CountBadge.swift in Sources */ = {isa = PBXBuildFile; fileRef = 2480FF10E4F5D5E708E99E64 /* CountBadge.swift */; };
		E9C8A30843ED0D669394DC39 /* ResourceDetailPanel.swift in Sources */ = {isa = PBXBuildFile; fileRef = 998AB0A6AAEF283E7C5BB999 /* ResourceDetailPanel.swift */; };
		EE4862D1AE436866BE7DE023 /* InfoPill.swift in Sources */ = {isa = PBXBuildFile; fileRef = 898270F3BD1CB0682FA6104C /* InfoPill.swift */; };
		F00856CCF2F3ED8F3B330062 /* ContentAreaView.swift in Sources */ = {isa = PBXBuildFile; fileRef = 6D95C4394116C90C114F2FF5 /* ContentAreaView.swift */; };
		F1CB6CAECDBD4405BF8EA4C2 /* YAMLEditorView.swift in Sources */ = {isa = PBXBuildFile; fileRef = ED7C61DF1CBD0675E686E2B6 /* YAMLEditorView.swift */; };
		F3FC86D253079BDEB419E255 /* DeploymentDetailView.swift in Sources */ = {isa = PBXBuildFile; fileRef = 5243F82F3C8E61894DA2CCAF /* DeploymentDetailView.swift */; };
		F5CD5EEAC411AA45094F68CA /* SwiftkubeModel in Frameworks */ = {isa = PBXBuildFile; productRef = FFBFEE2DEA17B06381EF868B /* SwiftkubeModel */; };
		F6A21E6B219125BE5FD1AD8E /* MainLayout.swift in Sources */ = {isa = PBXBuildFile; fileRef = 2A6DFBDDD4FCCA980F0BA6CE /* MainLayout.swift */; };
		F6C5B408F88D1E51645C0A23 /* KlaroApp.swift in Sources */ = {isa = PBXBuildFile; fileRef = F32551EBE4ACD09B5FAD8C3B /* KlaroApp.swift */; };
		F6DE3D671760FEB6AE64514B /* EndpointListView.swift in Sources */ = {isa = PBXBuildFile; fileRef = 25A3056F3D3022D8E5738BDB /* EndpointListView.swift */; };
		FC2DEBABA2896A5031B5A3E2 /* InspectorDetailView.swift in Sources */ = {isa = PBXBuildFile; fileRef = 43909A0BC026C8C2D10E6702 /* InspectorDetailView.swift */; };
		FDA68CB8D194BD778BDF7253 /* Quantity+Parsing.swift in Sources */ = {isa = PBXBuildFile; fileRef = B2A9E6185CB222B146867F5A /* Quantity+Parsing.swift */; };
/* End PBXBuildFile section */

/* Begin PBXContainerItemProxy section */
		1E25CDB0D3BE6627F0B9359B /* PBXContainerItemProxy */ = {
			isa = PBXContainerItemProxy;
			containerPortal = 1C3A057A8AC08B9679CA9CC3 /* Project object */;
			proxyType = 1;
			remoteGlobalIDString = 44C7A6DAEB6A1A8D12301207;
			remoteInfo = Klaro;
		};
		9D431CCCAA5EEF4098B102FC /* PBXContainerItemProxy */ = {
			isa = PBXContainerItemProxy;
			containerPortal = 1C3A057A8AC08B9679CA9CC3 /* Project object */;
			proxyType = 1;
			remoteGlobalIDString = 44C7A6DAEB6A1A8D12301207;
			remoteInfo = Klaro;
		};
/* End PBXContainerItemProxy section */

/* Begin PBXFileReference section */
		005602B260B288C64379A46F /* EventListView.swift */ = {isa = PBXFileReference; lastKnownFileType = sourcecode.swift; path = EventListView.swift; sourceTree = "<group>"; };
		01291E58975E41D4C89DD1B6 /* BottomPanelMode.swift */ = {isa = PBXFileReference; lastKnownFileType = sourcecode.swift; path = BottomPanelMode.swift; sourceTree = "<group>"; };
		07FC1CE4F762DB792E521167 /* ClusterOverviewView.swift */ = {isa = PBXFileReference; lastKnownFileType = sourcecode.swift; path = ClusterOverviewView.swift; sourceTree = "<group>"; };
		081C539B73F507BE4FC463A6 /* ClusterConnection.swift */ = {isa = PBXFileReference; lastKnownFileType = sourcecode.swift; path = ClusterConnection.swift; sourceTree = "<group>"; };
		0B99BCC99CCBABDBDBFC73C6 /* SecretListView.swift */ = {isa = PBXFileReference; lastKnownFileType = sourcecode.swift; path = SecretListView.swift; sourceTree = "<group>"; };
		0C2D22AD536B713BEDEDFE35 /* ClusterDashboardView.swift */ = {isa = PBXFileReference; lastKnownFileType = sourcecode.swift; path = ClusterDashboardView.swift; sourceTree = "<group>"; };
		0D7E37F4CDB2983CF8F88605 /* PVCListView.swift */ = {isa = PBXFileReference; lastKnownFileType = sourcecode.swift; path = PVCListView.swift; sourceTree = "<group>"; };
		1BD6FA5E13AE9CD64390EF65 /* ReplicaSetListView.swift */ = {isa = PBXFileReference; lastKnownFileType = sourcecode.swift; path = ReplicaSetListView.swift; sourceTree = "<group>"; };
		1EF0B0DB14F2B0E8BD5E8FA3 /* Date+RelativeTime.swift */ = {isa = PBXFileReference; lastKnownFileType = sourcecode.swift; path = "Date+RelativeTime.swift"; sourceTree = "<group>"; };
		228D79C917922B011A93A7BD /* ResourceTableView.swift */ = {isa = PBXFileReference; lastKnownFileType = sourcecode.swift; path = ResourceTableView.swift; sourceTree = "<group>"; };
		244244F43B21EBFC4648FFE4 /* NamespaceFilterView.swift */ = {isa = PBXFileReference; lastKnownFileType = sourcecode.swift; path = NamespaceFilterView.swift; sourceTree = "<group>"; };
		2480FF10E4F5D5E708E99E64 /* CountBadge.swift */ = {isa = PBXFileReference; lastKnownFileType = sourcecode.swift; path = CountBadge.swift; sourceTree = "<group>"; };
		24A5666EA472DD544B711E1C /* PodListView.swift */ = {isa = PBXFileReference; lastKnownFileType = sourcecode.swift; path = PodListView.swift; sourceTree = "<group>"; };
		250E5280FACCF9F3AA5181FB /* CommandPaletteViewModel.swift */ = {isa = PBXFileReference; lastKnownFileType = sourcecode.swift; path = CommandPaletteViewModel.swift; sourceTree = "<group>"; };
		25A3056F3D3022D8E5738BDB /* EndpointListView.swift */ = {isa = PBXFileReference; lastKnownFileType = sourcecode.swift; path = EndpointListView.swift; sourceTree = "<group>"; };
		265964CFFF97490822C6A21A /* Color+Theme.swift */ = {isa = PBXFileReference; lastKnownFileType = sourcecode.swift; path = "Color+Theme.swift"; sourceTree = "<group>"; };
		29C057233614C09882A99461 /* RoleBindingListView.swift */ = {isa = PBXFileReference; lastKnownFileType = sourcecode.swift; path = RoleBindingListView.swift; sourceTree = "<group>"; };
		2A6DFBDDD4FCCA980F0BA6CE /* MainLayout.swift */ = {isa = PBXFileReference; lastKnownFileType = sourcecode.swift; path = MainLayout.swift; sourceTree = "<group>"; };
		2BE56E3029F9BDF65D3D9FDC /* ServiceListView.swift */ = {isa = PBXFileReference; lastKnownFileType = sourcecode.swift; path = ServiceListView.swift; sourceTree = "<group>"; };
		36D600C301CE69DE3206C95A /* IngressListView.swift */ = {isa = PBXFileReference; lastKnownFileType = sourcecode.swift; path = IngressListView.swift; sourceTree = "<group>"; };
		3F267A3D222C2E036ABA07C0 /* AgeLabel.swift */ = {isa = PBXFileReference; lastKnownFileType = sourcecode.swift; path = AgeLabel.swift; sourceTree = "<group>"; };
		422FC34F828A95DFA80BDD30 /* ClusterRoleBindingListView.swift */ = {isa = PBXFileReference; lastKnownFileType = sourcecode.swift; path = ClusterRoleBindingListView.swift; sourceTree = "<group>"; };
		43772F9D96F34FE50DE0820A /* PortForwardSheet.swift */ = {isa = PBXFileReference; lastKnownFileType = sourcecode.swift; path = PortForwardSheet.swift; sourceTree = "<group>"; };
		43909A0BC026C8C2D10E6702 /* InspectorDetailView.swift */ = {isa = PBXFileReference; lastKnownFileType = sourcecode.swift; path = InspectorDetailView.swift; sourceTree = "<group>"; };
		450B8457971C95902DAFC7BA /* ClusterSwitcherView.swift */ = {isa = PBXFileReference; lastKnownFileType = sourcecode.swift; path = ClusterSwitcherView.swift; sourceTree = "<group>"; };
		489D6D801DEABA8BDEA173CA /* ResourceKind.swift */ = {isa = PBXFileReference; lastKnownFileType = sourcecode.swift; path = ResourceKind.swift; sourceTree = "<group>"; };
		4B739605E129B91103638A40 /* ServiceAccountListView.swift */ = {isa = PBXFileReference; lastKnownFileType = sourcecode.swift; path = ServiceAccountListView.swift; sourceTree = "<group>"; };
		4EC04DCB829FC531C4B21B43 /* GlobalSearchViewModel.swift */ = {isa = PBXFileReference; lastKnownFileType = sourcecode.swift; path = GlobalSearchViewModel.swift; sourceTree = "<group>"; };
		4FA047A319183FC7FD8758D5 /* UUID+Stable.swift */ = {isa = PBXFileReference; lastKnownFileType = sourcecode.swift; path = "UUID+Stable.swift"; sourceTree = "<group>"; };
		515CC9E8E7F4BA6BA45BD296 /* ClusterRoleListView.swift */ = {isa = PBXFileReference; lastKnownFileType = sourcecode.swift; path = ClusterRoleListView.swift; sourceTree = "<group>"; };
		5243F82F3C8E61894DA2CCAF /* DeploymentDetailView.swift */ = {isa = PBXFileReference; lastKnownFileType = sourcecode.swift; path = DeploymentDetailView.swift; sourceTree = "<group>"; };
		52498A481DB3EF4FE5DD47B3 /* Klaro.app */ = {isa = PBXFileReference; explicitFileType = wrapper.application; includeInIndex = 0; path = Klaro.app; sourceTree = BUILT_PRODUCTS_DIR; };
		5466252AE0DB6AD9415B8039 /* ExecService.swift */ = {isa = PBXFileReference; lastKnownFileType = sourcecode.swift; path = ExecService.swift; sourceTree = "<group>"; };
		54BA1CDE786B63D234999E55 /* ResourceListViewModel.swift */ = {isa = PBXFileReference; lastKnownFileType = sourcecode.swift; path = ResourceListViewModel.swift; sourceTree = "<group>"; };
		5885F1E716352933E31AA70B /* NetworkPolicyListView.swift */ = {isa = PBXFileReference; lastKnownFileType = sourcecode.swift; path = NetworkPolicyListView.swift; sourceTree = "<group>"; };
		59FFB0F56E2A978126251663 /* AppState.swift */ = {isa = PBXFileReference; lastKnownFileType = sourcecode.swift; path = AppState.swift; sourceTree = "<group>"; };
		5BAB52F8DE2AD85375F017D0 /* KeyboardShortcuts.swift */ = {isa = PBXFileReference; lastKnownFileType = sourcecode.swift; path = KeyboardShortcuts.swift; sourceTree = "<group>"; };
		5C6A80AB1BF018CA02D34CA8 /* LogStreamService.swift */ = {isa = PBXFileReference; lastKnownFileType = sourcecode.swift; path = LogStreamService.swift; sourceTree = "<group>"; };
		5CBE551EF94504FE22A9D30A /* LabelBadgeList.swift */ = {isa = PBXFileReference; lastKnownFileType = sourcecode.swift; path = LabelBadgeList.swift; sourceTree = "<group>"; };
		5E713A2705FDBFD63A5D09E0 /* AppCommands.swift */ = {isa = PBXFileReference; lastKnownFileType = sourcecode.swift; path = AppCommands.swift; sourceTree = "<group>"; };
		604C0BFFD4A4D4ADA9B2F7F0 /* ConfigMapListView.swift */ = {isa = PBXFileReference; lastKnownFileType = sourcecode.swift; path = ConfigMapListView.swift; sourceTree = "<group>"; };
		64117414FF2EB7227D847067 /* CronJobListView.swift */ = {isa = PBXFileReference; lastKnownFileType = sourcecode.swift; path = CronJobListView.swift; sourceTree = "<group>"; };
		68E2566AB0D84080AACFDEC3 /* Constants.swift */ = {isa = PBXFileReference; lastKnownFileType = sourcecode.swift; path = Constants.swift; sourceTree = "<group>"; };
		6D95C4394116C90C114F2FF5 /* ContentAreaView.swift */ = {isa = PBXFileReference; lastKnownFileType = sourcecode.swift; path = ContentAreaView.swift; sourceTree = "<group>"; };
		714692D8F205046CF077FB76 /* MetricsService.swift */ = {isa = PBXFileReference; lastKnownFileType = sourcecode.swift; path = MetricsService.swift; sourceTree = "<group>"; };
		7B4B3F248BE29417423CACC3 /* ResourceCategory.swift */ = {isa = PBXFileReference; lastKnownFileType = sourcecode.swift; path = ResourceCategory.swift; sourceTree = "<group>"; };
		7C93A2EF69638DF57E2F27EB /* PodLogsViewModel.swift */ = {isa = PBXFileReference; lastKnownFileType = sourcecode.swift; path = PodLogsViewModel.swift; sourceTree = "<group>"; };
		7D10616A01CFE17BC8B6EA25 /* ClusterViewModel.swift */ = {isa = PBXFileReference; lastKnownFileType = sourcecode.swift; path = ClusterViewModel.swift; sourceTree = "<group>"; };
		7FC739DF4B63586DF7A0148E /* ClusterDashboardViewModel.swift */ = {isa = PBXFileReference; lastKnownFileType = sourcecode.swift; path = ClusterDashboardViewModel.swift; sourceTree = "<group>"; };
		8322175D44ADFA729D2AE76E /* Klaro.entitlements */ = {isa = PBXFileReference; lastKnownFileType = text.plist.entitlements; path = Klaro.entitlements; sourceTree = "<group>"; };
		8354B23CBE82F439FFEB5F34 /* ResourceDetailViewModel.swift */ = {isa = PBXFileReference; lastKnownFileType = sourcecode.swift; path = ResourceDetailViewModel.swift; sourceTree = "<group>"; };
		85022A4B84A4272F7A17C1F5 /* Theme.swift */ = {isa = PBXFileReference; lastKnownFileType = sourcecode.swift; path = Theme.swift; sourceTree = "<group>"; };
		869F4B1DE05B2193ED83C2AA /* KlaroTests.xctest */ = {isa = PBXFileReference; explicitFileType = wrapper.cfbundle; includeInIndex = 0; path = KlaroTests.xctest; sourceTree = BUILT_PRODUCTS_DIR; };
		898270F3BD1CB0682FA6104C /* InfoPill.swift */ = {isa = PBXFileReference; lastKnownFileType = sourcecode.swift; path = InfoPill.swift; sourceTree = "<group>"; };
		8B4BB9B03BC639C4D3994FF0 /* NodeListView.swift */ = {isa = PBXFileReference; lastKnownFileType = sourcecode.swift; path = NodeListView.swift; sourceTree = "<group>"; };
		8C14C9863296BBD17128826E /* KlaroUITests.xctest */ = {isa = PBXFileReference; explicitFileType = wrapper.cfbundle; includeInIndex = 0; path = KlaroUITests.xctest; sourceTree = BUILT_PRODUCTS_DIR; };
		8C1D3B63F337725B28044A8D /* SidebarView.swift */ = {isa = PBXFileReference; lastKnownFileType = sourcecode.swift; path = SidebarView.swift; sourceTree = "<group>"; };
		998AB0A6AAEF283E7C5BB999 /* ResourceDetailPanel.swift */ = {isa = PBXFileReference; lastKnownFileType = sourcecode.swift; path = ResourceDetailPanel.swift; sourceTree = "<group>"; };
		9D90EA29923E963F31614E96 /* EmptyStateView.swift */ = {isa = PBXFileReference; lastKnownFileType = sourcecode.swift; path = EmptyStateView.swift; sourceTree = "<group>"; };
		9DB301550D20811A42DE8304 /* TerminalContainerView.swift */ = {isa = PBXFileReference; lastKnownFileType = sourcecode.swift; path = TerminalContainerView.swift; sourceTree = "<group>"; };
		A2D344C77C64DF23906E4314 /* StatefulSetListView.swift */ = {isa = PBXFileReference; lastKnownFileType = sourcecode.swift; path = StatefulSetListView.swift; sourceTree = "<group>"; };
		A70C4D1336B2B00EFB5434E7 /* KlaroTests.swift */ = {isa = PBXFileReference; lastKnownFileType = sourcecode.swift; path = KlaroTests.swift; sourceTree = "<group>"; };
		ABDFF55C6B6C2AF8C0A9DE9A /* KubernetesService.swift */ = {isa = PBXFileReference; lastKnownFileType = sourcecode.swift; path = KubernetesService.swift; sourceTree = "<group>"; };
		ACB1786F46D9857ACFB57428 /* CapacityBar.swift */ = {isa = PBXFileReference; lastKnownFileType = sourcecode.swift; path = CapacityBar.swift; sourceTree = "<group>"; };
		AED22A22F588707E6BABCBC7 /* PVListView.swift */ = {isa = PBXFileReference; lastKnownFileType = sourcecode.swift; path = PVListView.swift; sourceTree = "<group>"; };
		B1EBA89B0330F62715589B82 /* UnifiedWorkloadsView.swift */ = {isa = PBXFileReference; lastKnownFileType = sourcecode.swift; path = UnifiedWorkloadsView.swift; sourceTree = "<group>"; };
		B279D795393EEC25B531B69A /* StatusBadge.swift */ = {isa = PBXFileReference; lastKnownFileType = sourcecode.swift; path = StatusBadge.swift; sourceTree = "<group>"; };
		B2A9E6185CB222B146867F5A /* Quantity+Parsing.swift */ = {isa = PBXFileReference; lastKnownFileType = sourcecode.swift; path = "Quantity+Parsing.swift"; sourceTree = "<group>"; };
		B56FB03B6822D99EC59D81B9 /* SettingsView.swift */ = {isa = PBXFileReference; lastKnownFileType = sourcecode.swift; path = SettingsView.swift; sourceTree = "<group>"; };
		B6F5D0789ED78B3A27B06129 /* StorageClassListView.swift */ = {isa = PBXFileReference; lastKnownFileType = sourcecode.swift; path = StorageClassListView.swift; sourceTree = "<group>"; };
		BA45744F7D29C8CF1DA6B907 /* KubeconfigWatcher.swift */ = {isa = PBXFileReference; lastKnownFileType = sourcecode.swift; path = KubeconfigWatcher.swift; sourceTree = "<group>"; };
		CBB9954C98141BAAEAA37862 /* BottomPanelView.swift */ = {isa = PBXFileReference; lastKnownFileType = sourcecode.swift; path = BottomPanelView.swift; sourceTree = "<group>"; };
		CE85CE982D0E2AFAC9101877 /* KlaroUITests.swift */ = {isa = PBXFileReference; lastKnownFileType = sourcecode.swift; path = KlaroUITests.swift; sourceTree = "<group>"; };
		D06D982F1414C38249A2CC1E /* CommandPaletteView.swift */ = {isa = PBXFileReference; lastKnownFileType = sourcecode.swift; path = CommandPaletteView.swift; sourceTree = "<group>"; };
		D114660B2DE722C998AFCCED /* PortForwardManager.swift */ = {isa = PBXFileReference; lastKnownFileType = sourcecode.swift; path = PortForwardManager.swift; sourceTree = "<group>"; };
		D228E35DB21CD5108775C47D /* ResourceWatcher.swift */ = {isa = PBXFileReference; lastKnownFileType = sourcecode.swift; path = ResourceWatcher.swift; sourceTree = "<group>"; };
		D4140F1FF55C831B0DB23CC2 /* PodDetailView.swift */ = {isa = PBXFileReference; lastKnownFileType = sourcecode.swift; path = PodDetailView.swift; sourceTree = "<group>"; };
		D58CD3E1D4EE25DA821F941C /* TerminalViewModel.swift */ = {isa = PBXFileReference; lastKnownFileType = sourcecode.swift; path = TerminalViewModel.swift; sourceTree = "<group>"; };
		D5B98556AB2E7201A320F54A /* DaemonSetListView.swift */ = {isa = PBXFileReference; lastKnownFileType = sourcecode.swift; path = DaemonSetListView.swift; sourceTree = "<group>"; };
		DA3D810F13E4AD29C3CAE392 /* JobListView.swift */ = {isa = PBXFileReference; lastKnownFileType = sourcecode.swift; path = JobListView.swift; sourceTree = "<group>"; };
		DE80C5EA9ABDDC5FFFFAB3C6 /* RoleListView.swift */ = {isa = PBXFileReference; lastKnownFileType = sourcecode.swift; path = RoleListView.swift; sourceTree = "<group>"; };
		E5EA4B75A1D82ED12D36C4AA /* Assets.xcassets */ = {isa = PBXFileReference; lastKnownFileType = folder.assetcatalog; path = Assets.xcassets; sourceTree = "<group>"; };
		EB85376BBCFAABB821772ACC /* ClusterManager.swift */ = {isa = PBXFileReference; lastKnownFileType = sourcecode.swift; path = ClusterManager.swift; sourceTree = "<group>"; };
		ED6BA8879CE2825DCC38A072 /* DeploymentListView.swift */ = {isa = PBXFileReference; lastKnownFileType = sourcecode.swift; path = DeploymentListView.swift; sourceTree = "<group>"; };
		ED7C61DF1CBD0675E686E2B6 /* YAMLEditorView.swift */ = {isa = PBXFileReference; lastKnownFileType = sourcecode.swift; path = YAMLEditorView.swift; sourceTree = "<group>"; };
		F32551EBE4ACD09B5FAD8C3B /* KlaroApp.swift */ = {isa = PBXFileReference; lastKnownFileType = sourcecode.swift; path = KlaroApp.swift; sourceTree = "<group>"; };
		F7D3AC4DB90F3440AE29D692 /* LogViewerView.swift */ = {isa = PBXFileReference; lastKnownFileType = sourcecode.swift; path = LogViewerView.swift; sourceTree = "<group>"; };
		FCF7BFDEF963A85714C20DF9 /* GlobalSearchView.swift */ = {isa = PBXFileReference; lastKnownFileType = sourcecode.swift; path = GlobalSearchView.swift; sourceTree = "<group>"; };
/* End PBXFileReference section */

/* Begin PBXFrameworksBuildPhase section */
		D048DBEA15F609DF97B96436 /* Frameworks */ = {
			isa = PBXFrameworksBuildPhase;
			buildActionMask = 2147483647;
			files = (
				83BC63667398EB30F7E9B7A3 /* SwiftkubeClient in Frameworks */,
				F5CD5EEAC411AA45094F68CA /* SwiftkubeModel in Frameworks */,
				5FC573E1333719F3E2FDCDFC /* Yams in Frameworks */,
				2A2B8750D898030788471A70 /* SwiftTerm in Frameworks */,
				25BE2FD3A7FE485C43F52BE1 /* CodeEditor in Frameworks */,
			);
			runOnlyForDeploymentPostprocessing = 0;
		};
/* End PBXFrameworksBuildPhase section */

/* Begin PBXGroup section */
		0CDEA0F31FCB1687C3943C59 /* App */ = {
			isa = PBXGroup;
			children = (
				5E713A2705FDBFD63A5D09E0 /* AppCommands.swift */,
				59FFB0F56E2A978126251663 /* AppState.swift */,
				F32551EBE4ACD09B5FAD8C3B /* KlaroApp.swift */,
				85022A4B84A4272F7A17C1F5 /* Theme.swift */,
			);
			path = App;
			sourceTree = "<group>";
		};
		29FB552D562393BFA0D81E21 /* Utilities */ = {
			isa = PBXGroup;
			children = (
				68E2566AB0D84080AACFDEC3 /* Constants.swift */,
				5BAB52F8DE2AD85375F017D0 /* KeyboardShortcuts.swift */,
				E7915D0C1902A35BF8F0E109 /* Extensions */,
			);
			path = Utilities;
			sourceTree = "<group>";
		};
		4DAC52E1C0E1E655A78123C0 /* KlaroUITests */ = {
			isa = PBXGroup;
			children = (
				CE85CE982D0E2AFAC9101877 /* KlaroUITests.swift */,
			);
			path = KlaroUITests;
			sourceTree = "<group>";
		};
		55BECA8993D3760D464316FC /* AccessControl */ = {
			isa = PBXGroup;
			children = (
				422FC34F828A95DFA80BDD30 /* ClusterRoleBindingListView.swift */,
				515CC9E8E7F4BA6BA45BD296 /* ClusterRoleListView.swift */,
				29C057233614C09882A99461 /* RoleBindingListView.swift */,
				DE80C5EA9ABDDC5FFFFAB3C6 /* RoleListView.swift */,
				4B739605E129B91103638A40 /* ServiceAccountListView.swift */,
			);
			path = AccessControl;
			sourceTree = "<group>";
		};
		60F40CD9A34CAE2F099E1BC0 /* Settings */ = {
			isa = PBXGroup;
			children = (
				B56FB03B6822D99EC59D81B9 /* SettingsView.swift */,
			);
			path = Settings;
			sourceTree = "<group>";
		};
		713D94F3C8FAA1684AB4A3AD /* Workloads */ = {
			isa = PBXGroup;
			children = (
				64117414FF2EB7227D847067 /* CronJobListView.swift */,
				D5B98556AB2E7201A320F54A /* DaemonSetListView.swift */,
				5243F82F3C8E61894DA2CCAF /* DeploymentDetailView.swift */,
				ED6BA8879CE2825DCC38A072 /* DeploymentListView.swift */,
				DA3D810F13E4AD29C3CAE392 /* JobListView.swift */,
				D4140F1FF55C831B0DB23CC2 /* PodDetailView.swift */,
				24A5666EA472DD544B711E1C /* PodListView.swift */,
				1BD6FA5E13AE9CD64390EF65 /* ReplicaSetListView.swift */,
				A2D344C77C64DF23906E4314 /* StatefulSetListView.swift */,
				B1EBA89B0330F62715589B82 /* UnifiedWorkloadsView.swift */,
			);
			path = Workloads;
			sourceTree = "<group>";
		};
		7C8AF0B876E57799FDE73056 /* Cluster */ = {
			isa = PBXGroup;
			children = (
				0C2D22AD536B713BEDEDFE35 /* ClusterDashboardView.swift */,
				07FC1CE4F762DB792E521167 /* ClusterOverviewView.swift */,
				8B4BB9B03BC639C4D3994FF0 /* NodeListView.swift */,
			);
			path = Cluster;
			sourceTree = "<group>";
		};
		8B3DEB8EFA4BB66CF848CE17 /* Network */ = {
			isa = PBXGroup;
			children = (
				25A3056F3D3022D8E5738BDB /* EndpointListView.swift */,
				36D600C301CE69DE3206C95A /* IngressListView.swift */,
				5885F1E716352933E31AA70B /* NetworkPolicyListView.swift */,
				2BE56E3029F9BDF65D3D9FDC /* ServiceListView.swift */,
			);
			path = Network;
			sourceTree = "<group>";
		};
		8F827A6B11171CA170D86731 /* Services */ = {
			isa = PBXGroup;
			children = (
				EB85376BBCFAABB821772ACC /* ClusterManager.swift */,
				5466252AE0DB6AD9415B8039 /* ExecService.swift */,
				BA45744F7D29C8CF1DA6B907 /* KubeconfigWatcher.swift */,
				ABDFF55C6B6C2AF8C0A9DE9A /* KubernetesService.swift */,
				5C6A80AB1BF018CA02D34CA8 /* LogStreamService.swift */,
				714692D8F205046CF077FB76 /* MetricsService.swift */,
				D114660B2DE722C998AFCCED /* PortForwardManager.swift */,
				D228E35DB21CD5108775C47D /* ResourceWatcher.swift */,
			);
			path = Services;
			sourceTree = "<group>";
		};
		90B78F07BB9AEF7AC9E1B2E0 /* Layout */ = {
			isa = PBXGroup;
			children = (
				CBB9954C98141BAAEAA37862 /* BottomPanelView.swift */,
				450B8457971C95902DAFC7BA /* ClusterSwitcherView.swift */,
				6D95C4394116C90C114F2FF5 /* ContentAreaView.swift */,
				43909A0BC026C8C2D10E6702 /* InspectorDetailView.swift */,
				2A6DFBDDD4FCCA980F0BA6CE /* MainLayout.swift */,
				8C1D3B63F337725B28044A8D /* SidebarView.swift */,
			);
			path = Layout;
			sourceTree = "<group>";
		};
		93F230CCDB420A73B602997F /* Klaro */ = {
			isa = PBXGroup;
			children = (
				8322175D44ADFA729D2AE76E /* Klaro.entitlements */,
				0CDEA0F31FCB1687C3943C59 /* App */,
				B1BCB7380AF56FC7EF9E29B2 /* Models */,
				ED06CBCA1D9B17C9EBCA5C23 /* Resources */,
				8F827A6B11171CA170D86731 /* Services */,
				29FB552D562393BFA0D81E21 /* Utilities */,
				C6564CEF0F360D8F6BBC69EB /* ViewModels */,
				C4AF2D311A89E2BB6FC2E06F /* Views */,
			);
			path = Klaro;
			sourceTree = "<group>";
		};
		98A32C83618AC6C07FA4E75B /* Events */ = {
			isa = PBXGroup;
			children = (
				005602B260B288C64379A46F /* EventListView.swift */,
			);
			path = Events;
			sourceTree = "<group>";
		};
		9C379290A274CFC4F5855F68 /* KlaroTests */ = {
			isa = PBXGroup;
			children = (
				A70C4D1336B2B00EFB5434E7 /* KlaroTests.swift */,
			);
			path = KlaroTests;
			sourceTree = "<group>";
		};
		A80A839911C6163F46DED91B /* Configuration */ = {
			isa = PBXGroup;
			children = (
				604C0BFFD4A4D4ADA9B2F7F0 /* ConfigMapListView.swift */,
				0B99BCC99CCBABDBDBFC73C6 /* SecretListView.swift */,
			);
			path = Configuration;
			sourceTree = "<group>";
		};
		B1BCB7380AF56FC7EF9E29B2 /* Models */ = {
			isa = PBXGroup;
			children = (
				01291E58975E41D4C89DD1B6 /* BottomPanelMode.swift */,
				081C539B73F507BE4FC463A6 /* ClusterConnection.swift */,
				7B4B3F248BE29417423CACC3 /* ResourceCategory.swift */,
				489D6D801DEABA8BDEA173CA /* ResourceKind.swift */,
			);
			path = Models;
			sourceTree = "<group>";
		};
		B55133104AC988BDF6BB9256 /* Shared */ = {
			isa = PBXGroup;
			children = (
				3F267A3D222C2E036ABA07C0 /* AgeLabel.swift */,
				ACB1786F46D9857ACFB57428 /* CapacityBar.swift */,
				D06D982F1414C38249A2CC1E /* CommandPaletteView.swift */,
				2480FF10E4F5D5E708E99E64 /* CountBadge.swift */,
				9D90EA29923E963F31614E96 /* EmptyStateView.swift */,
				FCF7BFDEF963A85714C20DF9 /* GlobalSearchView.swift */,
				898270F3BD1CB0682FA6104C /* InfoPill.swift */,
				5CBE551EF94504FE22A9D30A /* LabelBadgeList.swift */,
				F7D3AC4DB90F3440AE29D692 /* LogViewerView.swift */,
				244244F43B21EBFC4648FFE4 /* NamespaceFilterView.swift */,
				43772F9D96F34FE50DE0820A /* PortForwardSheet.swift */,
				998AB0A6AAEF283E7C5BB999 /* ResourceDetailPanel.swift */,
				228D79C917922B011A93A7BD /* ResourceTableView.swift */,
				B279D795393EEC25B531B69A /* StatusBadge.swift */,
				9DB301550D20811A42DE8304 /* TerminalContainerView.swift */,
				ED7C61DF1CBD0675E686E2B6 /* YAMLEditorView.swift */,
			);
			path = Shared;
			sourceTree = "<group>";
		};
		BFCFA4E2F044E5B03CE6AC7E = {
			isa = PBXGroup;
			children = (
				93F230CCDB420A73B602997F /* Klaro */,
				9C379290A274CFC4F5855F68 /* KlaroTests */,
				4DAC52E1C0E1E655A78123C0 /* KlaroUITests */,
				DE0CFA6D553B48A0C07265AB /* Products */,
			);
			sourceTree = "<group>";
		};
		C4AF2D311A89E2BB6FC2E06F /* Views */ = {
			isa = PBXGroup;
			children = (
				55BECA8993D3760D464316FC /* AccessControl */,
				7C8AF0B876E57799FDE73056 /* Cluster */,
				A80A839911C6163F46DED91B /* Configuration */,
				98A32C83618AC6C07FA4E75B /* Events */,
				90B78F07BB9AEF7AC9E1B2E0 /* Layout */,
				8B3DEB8EFA4BB66CF848CE17 /* Network */,
				60F40CD9A34CAE2F099E1BC0 /* Settings */,
				B55133104AC988BDF6BB9256 /* Shared */,
				FBFE908B77D06E327526C9E9 /* Storage */,
				713D94F3C8FAA1684AB4A3AD /* Workloads */,
			);
			path = Views;
			sourceTree = "<group>";
		};
		C6564CEF0F360D8F6BBC69EB /* ViewModels */ = {
			isa = PBXGroup;
			children = (
				7FC739DF4B63586DF7A0148E /* ClusterDashboardViewModel.swift */,
				7D10616A01CFE17BC8B6EA25 /* ClusterViewModel.swift */,
				250E5280FACCF9F3AA5181FB /* CommandPaletteViewModel.swift */,
				4EC04DCB829FC531C4B21B43 /* GlobalSearchViewModel.swift */,
				7C93A2EF69638DF57E2F27EB /* PodLogsViewModel.swift */,
				8354B23CBE82F439FFEB5F34 /* ResourceDetailViewModel.swift */,
				54BA1CDE786B63D234999E55 /* ResourceListViewModel.swift */,
				D58CD3E1D4EE25DA821F941C /* TerminalViewModel.swift */,
			);
			path = ViewModels;
			sourceTree = "<group>";
		};
		DE0CFA6D553B48A0C07265AB /* Products */ = {
			isa = PBXGroup;
			children = (
				52498A481DB3EF4FE5DD47B3 /* Klaro.app */,
				869F4B1DE05B2193ED83C2AA /* KlaroTests.xctest */,
				8C14C9863296BBD17128826E /* KlaroUITests.xctest */,
			);
			name = Products;
			sourceTree = "<group>";
		};
		E7915D0C1902A35BF8F0E109 /* Extensions */ = {
			isa = PBXGroup;
			children = (
				265964CFFF97490822C6A21A /* Color+Theme.swift */,
				1EF0B0DB14F2B0E8BD5E8FA3 /* Date+RelativeTime.swift */,
				B2A9E6185CB222B146867F5A /* Quantity+Parsing.swift */,
				4FA047A319183FC7FD8758D5 /* UUID+Stable.swift */,
			);
			path = Extensions;
			sourceTree = "<group>";
		};
		ED06CBCA1D9B17C9EBCA5C23 /* Resources */ = {
			isa = PBXGroup;
			children = (
				E5EA4B75A1D82ED12D36C4AA /* Assets.xcassets */,
			);
			path = Resources;
			sourceTree = "<group>";
		};
		FBFE908B77D06E327526C9E9 /* Storage */ = {
			isa = PBXGroup;
			children = (
				0D7E37F4CDB2983CF8F88605 /* PVCListView.swift */,
				AED22A22F588707E6BABCBC7 /* PVListView.swift */,
				B6F5D0789ED78B3A27B06129 /* StorageClassListView.swift */,
			);
			path = Storage;
			sourceTree = "<group>";
		};
/* End PBXGroup section */

/* Begin PBXNativeTarget section */
		0914765BBC38420F6C9D9D78 /* KlaroUITests */ = {
			isa = PBXNativeTarget;
			buildConfigurationList = 8F722BF7162EBA333E08DA1F /* Build configuration list for PBXNativeTarget "KlaroUITests" */;
			buildPhases = (
				4585A3EA0D277E958ACFD7DD /* Sources */,
			);
			buildRules = (
			);
			dependencies = (
				BF47E50241D1AF6463BD0096 /* PBXTargetDependency */,
			);
			name = KlaroUITests;
			packageProductDependencies = (
			);
			productName = KlaroUITests;
			productReference = 8C14C9863296BBD17128826E /* KlaroUITests.xctest */;
			productType = "com.apple.product-type.bundle.ui-testing";
		};
		44C7A6DAEB6A1A8D12301207 /* Klaro */ = {
			isa = PBXNativeTarget;
			buildConfigurationList = 9A8F89D1908851485DADAA89 /* Build configuration list for PBXNativeTarget "Klaro" */;
			buildPhases = (
				8E936532EBA593210C65F7D9 /* Sources */,
				922E09FD6661E1324F87EE8C /* Resources */,
				D048DBEA15F609DF97B96436 /* Frameworks */,
			);
			buildRules = (
			);
			dependencies = (
			);
			name = Klaro;
			packageProductDependencies = (
				E19188BC1AE53392D7C8588C /* SwiftkubeClient */,
				FFBFEE2DEA17B06381EF868B /* SwiftkubeModel */,
				4C9C5C0AB6A9D30B69DEBCE6 /* Yams */,
				B036DCE27351E283D659104A /* SwiftTerm */,
				67428439A2850C0C9FF54AB4 /* CodeEditor */,
			);
			productName = Klaro;
			productReference = 52498A481DB3EF4FE5DD47B3 /* Klaro.app */;
			productType = "com.apple.product-type.application";
		};
		FE4B16FBC39069F7227BC370 /* KlaroTests */ = {
			isa = PBXNativeTarget;
			buildConfigurationList = 33BFD01162428FBDAD1A552D /* Build configuration list for PBXNativeTarget "KlaroTests" */;
			buildPhases = (
				21D5A731DD79AC4C6566F0B3 /* Sources */,
			);
			buildRules = (
			);
			dependencies = (
				3180E9AB9491E9B17E17C0F0 /* PBXTargetDependency */,
			);
			name = KlaroTests;
			packageProductDependencies = (
			);
			productName = KlaroTests;
			productReference = 869F4B1DE05B2193ED83C2AA /* KlaroTests.xctest */;
			productType = "com.apple.product-type.bundle.unit-test";
		};
/* End PBXNativeTarget section */

/* Begin PBXProject section */
		1C3A057A8AC08B9679CA9CC3 /* Project object */ = {
			isa = PBXProject;
			attributes = {
				BuildIndependentTargetsInParallel = YES;
				LastUpgradeCheck = 1600;
				TargetAttributes = {
					0914765BBC38420F6C9D9D78 = {
						TestTargetID = 44C7A6DAEB6A1A8D12301207;
					};
					44C7A6DAEB6A1A8D12301207 = {
						ProvisioningStyle = Automatic;
					};
				};
			};
			buildConfigurationList = 8046A34356FEE9EB73AEA6EA /* Build configuration list for PBXProject "Klaro" */;
			compatibilityVersion = "Xcode 14.0";
			developmentRegion = en;
			hasScannedForEncodings = 0;
			knownRegions = (
				Base,
				en,
			);
			mainGroup = BFCFA4E2F044E5B03CE6AC7E;
			minimizedProjectReferenceProxies = 1;
			packageReferences = (
				429BE1D1515C261744FEDB23 /* XCRemoteSwiftPackageReference "CodeEditor" */,
				85DB5D39F00D5880677B4633 /* XCRemoteSwiftPackageReference "SwiftTerm" */,
				753D6FD56B01578678B5EE44 /* XCRemoteSwiftPackageReference "client" */,
				7AD36A36FB8E0E9671DF3C15 /* XCRemoteSwiftPackageReference "model" */,
				C8F70354A2553435C31C8C79 /* XCRemoteSwiftPackageReference "Yams" */,
			);
			preferredProjectObjectVersion = 77;
			projectDirPath = "";
			projectRoot = "";
			targets = (
				44C7A6DAEB6A1A8D12301207 /* Klaro */,
				FE4B16FBC39069F7227BC370 /* KlaroTests */,
				0914765BBC38420F6C9D9D78 /* KlaroUITests */,
			);
		};
/* End PBXProject section */

/* Begin PBXResourcesBuildPhase section */
		922E09FD6661E1324F87EE8C /* Resources */ = {
			isa = PBXResourcesBuildPhase;
			buildActionMask = 2147483647;
			files = (
				99C3177546D1DE9C371D93C9 /* Assets.xcassets in Resources */,
			);
			runOnlyForDeploymentPostprocessing = 0;
		};
/* End PBXResourcesBuildPhase section */

/* Begin PBXSourcesBuildPhase section */
		21D5A731DD79AC4C6566F0B3 /* Sources */ = {
			isa = PBXSourcesBuildPhase;
			buildActionMask = 2147483647;
			files = (
				C6C6D4C60A2FD870BED83622 /* KlaroTests.swift in Sources */,
			);
			runOnlyForDeploymentPostprocessing = 0;
		};
		4585A3EA0D277E958ACFD7DD /* Sources */ = {
			isa = PBXSourcesBuildPhase;
			buildActionMask = 2147483647;
			files = (
				490978C7B0D582051F2575B4 /* KlaroUITests.swift in Sources */,
			);
			runOnlyForDeploymentPostprocessing = 0;
		};
		8E936532EBA593210C65F7D9 /* Sources */ = {
			isa = PBXSourcesBuildPhase;
			buildActionMask = 2147483647;
			files = (
				E0D9FB260391E9C6BDEDDA46 /* AgeLabel.swift in Sources */,
				41792B556004D4F17782E7D8 /* AppCommands.swift in Sources */,
				69F6C0CDE5EC8FA8C558374C /* AppState.swift in Sources */,
				6E0D0D0458A42AB6FBF354CF /* BottomPanelMode.swift in Sources */,
				86245BCD90746DA430BDCAE7 /* BottomPanelView.swift in Sources */,
				D41E4F94044DDEDF19778258 /* CapacityBar.swift in Sources */,
				3E55F2C8CFBF2FC4B90FFCFC /* ClusterConnection.swift in Sources */,
				315F810ED27DCC0B591F9FFC /* ClusterDashboardView.swift in Sources */,
				95CD10250F13F09CE57D7FFD /* ClusterDashboardViewModel.swift in Sources */,
				046B8FDBD03C4CC2BA84547A /* ClusterManager.swift in Sources */,
				B4D69F9C35A65C7BB69CE0D2 /* ClusterOverviewView.swift in Sources */,
				7A9B1589BA362BE3E4494545 /* ClusterRoleBindingListView.swift in Sources */,
				4A915B58CD58489D03E790AF /* ClusterRoleListView.swift in Sources */,
				D065CBD24477B571E8ED0AEA /* ClusterSwitcherView.swift in Sources */,
				B9161EBDE6EC6711C953D938 /* ClusterViewModel.swift in Sources */,
				49505A38B3D78458F3A407C8 /* Color+Theme.swift in Sources */,
				842C64CE8492B7C281E0B51F /* CommandPaletteView.swift in Sources */,
				9ED138A87E003CD900819B19 /* CommandPaletteViewModel.swift in Sources */,
				AF5DB658219D747ECD0034A3 /* ConfigMapListView.swift in Sources */,
				B18D22B189A6F1459ECFDE66 /* Constants.swift in Sources */,
				F00856CCF2F3ED8F3B330062 /* ContentAreaView.swift in Sources */,
				E9008F451686127418B5785A /* CountBadge.swift in Sources */,
				66A5A49173CB877F7DF938A9 /* CronJobListView.swift in Sources */,
				04B1C0361E299F7E15AFB16C /* DaemonSetListView.swift in Sources */,
				49ED11CBE0D2608FD1C993A9 /* Date+RelativeTime.swift in Sources */,
				F3FC86D253079BDEB419E255 /* DeploymentDetailView.swift in Sources */,
				2AB65B95A554DEEE673B408D /* DeploymentListView.swift in Sources */,
				6D8653DEE54F6E6FE28FB174 /* EmptyStateView.swift in Sources */,
				F6DE3D671760FEB6AE64514B /* EndpointListView.swift in Sources */,
				23344B37BFA862151ECFDAF2 /* EventListView.swift in Sources */,
				2988F6C4D0A7812F9D2DC117 /* ExecService.swift in Sources */,
				09D838A67105C163A00E1E4C /* GlobalSearchView.swift in Sources */,
				3AAA5644008572DF4303B1A6 /* GlobalSearchViewModel.swift in Sources */,
				EE4862D1AE436866BE7DE023 /* InfoPill.swift in Sources */,
				E1FC37C5106338F805CCC794 /* IngressListView.swift in Sources */,
				FC2DEBABA2896A5031B5A3E2 /* InspectorDetailView.swift in Sources */,
				9CBFB1CC02E303C2D32A69BA /* JobListView.swift in Sources */,
				10F99191F6DA0EAABC627CA5 /* KeyboardShortcuts.swift in Sources */,
				F6C5B408F88D1E51645C0A23 /* KlaroApp.swift in Sources */,
				E8F79726A54F9AA67792C1BE /* KubeconfigWatcher.swift in Sources */,
				91B750F4C7746BA7EC4B3D98 /* KubernetesService.swift in Sources */,
				42FB3775431228EED7FF4BBD /* LabelBadgeList.swift in Sources */,
				8EABBE167F17718A88B67843 /* LogStreamService.swift in Sources */,
				830398D393A84D171A945B8F /* LogViewerView.swift in Sources */,
				F6A21E6B219125BE5FD1AD8E /* MainLayout.swift in Sources */,
				D6A9B1E1F5F64C787889EF4D /* MetricsService.swift in Sources */,
				041792B5CA80A6DA9189CFC6 /* NamespaceFilterView.swift in Sources */,
				06B5786863D6F59519269186 /* NetworkPolicyListView.swift in Sources */,
				32344305A175CC2B10541546 /* NodeListView.swift in Sources */,
				17769640F7DD92A045FC43CC /* PVCListView.swift in Sources */,
				B55AE8C33FC1CE848C04FFC3 /* PVListView.swift in Sources */,
				9DCFC9F5F4A586888E1D6E59 /* PodDetailView.swift in Sources */,
				66E8AFF05CD4D86E61C0F6B4 /* PodListView.swift in Sources */,
				A5E9DE7048465561BF4A43F9 /* PodLogsViewModel.swift in Sources */,
				A91F0F69439877AE0A025076 /* PortForwardManager.swift in Sources */,
				2A4B1F6D3D9ED5D469545623 /* PortForwardSheet.swift in Sources */,
				FDA68CB8D194BD778BDF7253 /* Quantity+Parsing.swift in Sources */,
				77D95599CD5D015B5A60A906 /* ReplicaSetListView.swift in Sources */,
				CCD2B0EA6A5B8D98623B464D /* ResourceCategory.swift in Sources */,
				E9C8A30843ED0D669394DC39 /* ResourceDetailPanel.swift in Sources */,
				E3F15F90D35BDFDBDC9312CC /* ResourceDetailViewModel.swift in Sources */,
				26F2112B67E38745E46053DF /* ResourceKind.swift in Sources */,
				87BBACC8F6AC24811FC870B7 /* ResourceListViewModel.swift in Sources */,
				D8C6856B13F02B1487396178 /* ResourceTableView.swift in Sources */,
				769EA51A3A2D14B7D4D09BCB /* ResourceWatcher.swift in Sources */,
				A52968A5A61FE248386AB2A2 /* RoleBindingListView.swift in Sources */,
				23BBAB8C8DC66D29B27E516E /* RoleListView.swift in Sources */,
				371653F1E59A3492031F4A8E /* SecretListView.swift in Sources */,
				1419638027608FFE9118B2CC /* ServiceAccountListView.swift in Sources */,
				39843B0CED6B2D974A4B8A47 /* ServiceListView.swift in Sources */,
				38ADD7687E10C3D44A941C2D /* SettingsView.swift in Sources */,
				ABFA129C2002E6E7E5FA7A07 /* SidebarView.swift in Sources */,
				2E83507A225730F35550766A /* StatefulSetListView.swift in Sources */,
				0D38C7EC643FE56ED058488D /* StatusBadge.swift in Sources */,
				2A8101C9A30591EAB085E8AC /* StorageClassListView.swift in Sources */,
				7E3731C5815FFDF7D7BE486B /* TerminalContainerView.swift in Sources */,
				2C6CF683D46A4AD06CF880FA /* TerminalViewModel.swift in Sources */,
				77616AAAFCA50BC66FC3B163 /* Theme.swift in Sources */,
				24B91869CF52E21E9E0D7713 /* UUID+Stable.swift in Sources */,
				D7B16A1102DAC24335C4AAB7 /* UnifiedWorkloadsView.swift in Sources */,
				F1CB6CAECDBD4405BF8EA4C2 /* YAMLEditorView.swift in Sources */,
			);
			runOnlyForDeploymentPostprocessing = 0;
		};
/* End PBXSourcesBuildPhase section */

/* Begin PBXTargetDependency section */
		3180E9AB9491E9B17E17C0F0 /* PBXTargetDependency */ = {
			isa = PBXTargetDependency;
			target = 44C7A6DAEB6A1A8D12301207 /* Klaro */;
			targetProxy = 1E25CDB0D3BE6627F0B9359B /* PBXContainerItemProxy */;
		};
		BF47E50241D1AF6463BD0096 /* PBXTargetDependency */ = {
			isa = PBXTargetDependency;
			target = 44C7A6DAEB6A1A8D12301207 /* Klaro */;
			targetProxy = 9D431CCCAA5EEF4098B102FC /* PBXContainerItemProxy */;
		};
/* End PBXTargetDependency section */

/* Begin XCBuildConfiguration section */
		1EE99C00C01D8BD01B6FF012 /* Release */ = {
			isa = XCBuildConfiguration;
			buildSettings = {
				ASSETCATALOG_COMPILER_APPICON_NAME = AppIcon;
				CODE_SIGN_ENTITLEMENTS = Klaro/Klaro.entitlements;
				CODE_SIGN_IDENTITY = "-";
				CODE_SIGN_STYLE = Automatic;
				COMBINE_HIDPI_IMAGES = YES;
				CURRENT_PROJECT_VERSION = 1;
				ENABLE_APP_SANDBOX = NO;
				GENERATE_INFOPLIST_FILE = YES;
				INFOPLIST_GENERATION_MODE = GeneratedFile;
				LD_RUNPATH_SEARCH_PATHS = (
					"$(inherited)",
					"@executable_path/../Frameworks",
				);
				MARKETING_VERSION = 0.1.0;
				PRODUCT_BUNDLE_IDENTIFIER = com.klaro.app;
				PRODUCT_NAME = Klaro;
				SDKROOT = macosx;
			};
			name = Release;
		};
		77C0D2480A4922500A8F3569 /* Debug */ = {
			isa = XCBuildConfiguration;
			buildSettings = {
				ALWAYS_SEARCH_USER_PATHS = NO;
				CLANG_ANALYZER_NONNULL = YES;
				CLANG_ANALYZER_NUMBER_OBJECT_CONVERSION = YES_AGGRESSIVE;
				CLANG_CXX_LANGUAGE_STANDARD = "gnu++14";
				CLANG_CXX_LIBRARY = "libc++";
				CLANG_ENABLE_MODULES = YES;
				CLANG_ENABLE_OBJC_ARC = YES;
				CLANG_ENABLE_OBJC_WEAK = YES;
				CLANG_WARN_BLOCK_CAPTURE_AUTORELEASING = YES;
				CLANG_WARN_BOOL_CONVERSION = YES;
				CLANG_WARN_COMMA = YES;
				CLANG_WARN_CONSTANT_CONVERSION = YES;
				CLANG_WARN_DEPRECATED_OBJC_IMPLEMENTATIONS = YES;
				CLANG_WARN_DIRECT_OBJC_ISA_USAGE = YES_ERROR;
				CLANG_WARN_DOCUMENTATION_COMMENTS = YES;
				CLANG_WARN_EMPTY_BODY = YES;
				CLANG_WARN_ENUM_CONVERSION = YES;
				CLANG_WARN_INFINITE_RECURSION = YES;
				CLANG_WARN_INT_CONVERSION = YES;
				CLANG_WARN_NON_LITERAL_NULL_CONVERSION = YES;
				CLANG_WARN_OBJC_IMPLICIT_RETAIN_SELF = YES;
				CLANG_WARN_OBJC_LITERAL_CONVERSION = YES;
				CLANG_WARN_OBJC_ROOT_CLASS = YES_ERROR;
				CLANG_WARN_QUOTED_INCLUDE_IN_FRAMEWORK_HEADER = YES;
				CLANG_WARN_RANGE_LOOP_ANALYSIS = YES;
				CLANG_WARN_STRICT_PROTOTYPES = YES;
				CLANG_WARN_SUSPICIOUS_MOVE = YES;
				CLANG_WARN_UNGUARDED_AVAILABILITY = YES_AGGRESSIVE;
				CLANG_WARN_UNREACHABLE_CODE = YES;
				CLANG_WARN__DUPLICATE_METHOD_MATCH = YES;
				COPY_PHASE_STRIP = NO;
				DEBUG_INFORMATION_FORMAT = dwarf;
				ENABLE_STRICT_OBJC_MSGSEND = YES;
				ENABLE_TESTABILITY = YES;
				GCC_C_LANGUAGE_STANDARD = gnu11;
				GCC_DYNAMIC_NO_PIC = NO;
				GCC_NO_COMMON_BLOCKS = YES;
				GCC_OPTIMIZATION_LEVEL = 0;
				GCC_PREPROCESSOR_DEFINITIONS = (
					"$(inherited)",
					"DEBUG=1",
				);
				GCC_WARN_64_TO_32_BIT_CONVERSION = YES;
				GCC_WARN_ABOUT_RETURN_TYPE = YES_ERROR;
				GCC_WARN_UNDECLARED_SELECTOR = YES;
				GCC_WARN_UNINITIALIZED_AUTOS = YES_AGGRESSIVE;
				GCC_WARN_UNUSED_FUNCTION = YES;
				GCC_WARN_UNUSED_VARIABLE = YES;
				MACOSX_DEPLOYMENT_TARGET = 26.0;
				MTL_ENABLE_DEBUG_INFO = INCLUDE_SOURCE;
				MTL_FAST_MATH = YES;
				ONLY_ACTIVE_ARCH = YES;
				PRODUCT_NAME = "$(TARGET_NAME)";
				SDKROOT = macosx;
				SWIFT_ACTIVE_COMPILATION_CONDITIONS = DEBUG;
				SWIFT_OPTIMIZATION_LEVEL = "-Onone";
				SWIFT_STRICT_CONCURRENCY = complete;
				SWIFT_VERSION = 6.0;
			};
			name = Debug;
		};
		7B78E5B7AA3393E2CC7352D0 /* Debug */ = {
			isa = XCBuildConfiguration;
			buildSettings = {
				BUNDLE_LOADER = "$(TEST_HOST)";
				COMBINE_HIDPI_IMAGES = YES;
				GENERATE_INFOPLIST_FILE = YES;
				LD_RUNPATH_SEARCH_PATHS = (
					"$(inherited)",
					"@executable_path/Frameworks",
					"@loader_path/Frameworks",
				);
				PRODUCT_BUNDLE_IDENTIFIER = com.klaro.uitests;
				SDKROOT = macosx;
				TEST_TARGET_NAME = Klaro;
			};
			name = Debug;
		};
		96BF1612C09A33F6E2F711D6 /* Release */ = {
			isa = XCBuildConfiguration;
			buildSettings = {
				ALWAYS_SEARCH_USER_PATHS = NO;
				CLANG_ANALYZER_NONNULL = YES;
				CLANG_ANALYZER_NUMBER_OBJECT_CONVERSION = YES_AGGRESSIVE;
				CLANG_CXX_LANGUAGE_STANDARD = "gnu++14";
				CLANG_CXX_LIBRARY = "libc++";
				CLANG_ENABLE_MODULES = YES;
				CLANG_ENABLE_OBJC_ARC = YES;
				CLANG_ENABLE_OBJC_WEAK = YES;
				CLANG_WARN_BLOCK_CAPTURE_AUTORELEASING = YES;
				CLANG_WARN_BOOL_CONVERSION = YES;
				CLANG_WARN_COMMA = YES;
				CLANG_WARN_CONSTANT_CONVERSION = YES;
				CLANG_WARN_DEPRECATED_OBJC_IMPLEMENTATIONS = YES;
				CLANG_WARN_DIRECT_OBJC_ISA_USAGE = YES_ERROR;
				CLANG_WARN_DOCUMENTATION_COMMENTS = YES;
				CLANG_WARN_EMPTY_BODY = YES;
				CLANG_WARN_ENUM_CONVERSION = YES;
				CLANG_WARN_INFINITE_RECURSION = YES;
				CLANG_WARN_INT_CONVERSION = YES;
				CLANG_WARN_NON_LITERAL_NULL_CONVERSION = YES;
				CLANG_WARN_OBJC_IMPLICIT_RETAIN_SELF = YES;
				CLANG_WARN_OBJC_LITERAL_CONVERSION = YES;
				CLANG_WARN_OBJC_ROOT_CLASS = YES_ERROR;
				CLANG_WARN_QUOTED_INCLUDE_IN_FRAMEWORK_HEADER = YES;
				CLANG_WARN_RANGE_LOOP_ANALYSIS = YES;
				CLANG_WARN_STRICT_PROTOTYPES = YES;
				CLANG_WARN_SUSPICIOUS_MOVE = YES;
				CLANG_WARN_UNGUARDED_AVAILABILITY = YES_AGGRESSIVE;
				CLANG_WARN_UNREACHABLE_CODE = YES;
				CLANG_WARN__DUPLICATE_METHOD_MATCH = YES;
				COPY_PHASE_STRIP = NO;
				DEBUG_INFORMATION_FORMAT = "dwarf-with-dsym";
				ENABLE_NS_ASSERTIONS = NO;
				ENABLE_STRICT_OBJC_MSGSEND = YES;
				GCC_C_LANGUAGE_STANDARD = gnu11;
				GCC_NO_COMMON_BLOCKS = YES;
				GCC_WARN_64_TO_32_BIT_CONVERSION = YES;
				GCC_WARN_ABOUT_RETURN_TYPE = YES_ERROR;
				GCC_WARN_UNDECLARED_SELECTOR = YES;
				GCC_WARN_UNINITIALIZED_AUTOS = YES_AGGRESSIVE;
				GCC_WARN_UNUSED_FUNCTION = YES;
				GCC_WARN_UNUSED_VARIABLE = YES;
				MACOSX_DEPLOYMENT_TARGET = 26.0;
				MTL_ENABLE_DEBUG_INFO = NO;
				MTL_FAST_MATH = YES;
				PRODUCT_NAME = "$(TARGET_NAME)";
				SDKROOT = macosx;
				SWIFT_COMPILATION_MODE = wholemodule;
				SWIFT_OPTIMIZATION_LEVEL = "-O";
				SWIFT_STRICT_CONCURRENCY = complete;
				SWIFT_VERSION = 6.0;
			};
			name = Release;
		};
		A9574A7FBBEB1D4240E86C2D /* Debug */ = {
			isa = XCBuildConfiguration;
			buildSettings = {
				BUNDLE_LOADER = "$(TEST_HOST)";
				COMBINE_HIDPI_IMAGES = YES;
				GENERATE_INFOPLIST_FILE = YES;
				LD_RUNPATH_SEARCH_PATHS = (
					"$(inherited)",
					"@executable_path/../Frameworks",
					"@loader_path/../Frameworks",
				);
				PRODUCT_BUNDLE_IDENTIFIER = com.klaro.tests;
				SDKROOT = macosx;
				TEST_HOST = "$(BUILT_PRODUCTS_DIR)/Klaro.app/Contents/MacOS/Klaro";
			};
			name = Debug;
		};
		C327D19EEB47BC9AF97E2D92 /* Debug */ = {
			isa = XCBuildConfiguration;
			buildSettings = {
				ASSETCATALOG_COMPILER_APPICON_NAME = AppIcon;
				CODE_SIGN_ENTITLEMENTS = Klaro/Klaro.entitlements;
				CODE_SIGN_IDENTITY = "-";
				CODE_SIGN_STYLE = Automatic;
				COMBINE_HIDPI_IMAGES = YES;
				CURRENT_PROJECT_VERSION = 1;
				ENABLE_APP_SANDBOX = NO;
				GENERATE_INFOPLIST_FILE = YES;
				INFOPLIST_GENERATION_MODE = GeneratedFile;
				LD_RUNPATH_SEARCH_PATHS = (
					"$(inherited)",
					"@executable_path/../Frameworks",
				);
				MARKETING_VERSION = 0.1.0;
				PRODUCT_BUNDLE_IDENTIFIER = com.klaro.app;
				PRODUCT_NAME = Klaro;
				SDKROOT = macosx;
			};
			name = Debug;
		};
		C3395036AFCC0F8539E6DCAC /* Release */ = {
			isa = XCBuildConfiguration;
			buildSettings = {
				BUNDLE_LOADER = "$(TEST_HOST)";
				COMBINE_HIDPI_IMAGES = YES;
				GENERATE_INFOPLIST_FILE = YES;
				LD_RUNPATH_SEARCH_PATHS = (
					"$(inherited)",
					"@executable_path/../Frameworks",
					"@loader_path/../Frameworks",
				);
				PRODUCT_BUNDLE_IDENTIFIER = com.klaro.tests;
				SDKROOT = macosx;
				TEST_HOST = "$(BUILT_PRODUCTS_DIR)/Klaro.app/Contents/MacOS/Klaro";
			};
			name = Release;
		};
		D226D3B1F33E672252BA0900 /* Release */ = {
			isa = XCBuildConfiguration;
			buildSettings = {
				BUNDLE_LOADER = "$(TEST_HOST)";
				COMBINE_HIDPI_IMAGES = YES;
				GENERATE_INFOPLIST_FILE = YES;
				LD_RUNPATH_SEARCH_PATHS = (
					"$(inherited)",
					"@executable_path/Frameworks",
					"@loader_path/Frameworks",
				);
				PRODUCT_BUNDLE_IDENTIFIER = com.klaro.uitests;
				SDKROOT = macosx;
				TEST_TARGET_NAME = Klaro;
			};
			name = Release;
		};
/* End XCBuildConfiguration section */

/* Begin XCConfigurationList section */
		33BFD01162428FBDAD1A552D /* Build configuration list for PBXNativeTarget "KlaroTests" */ = {
			isa = XCConfigurationList;
			buildConfigurations = (
				A9574A7FBBEB1D4240E86C2D /* Debug */,
				C3395036AFCC0F8539E6DCAC /* Release */,
			);
			defaultConfigurationIsVisible = 0;
			defaultConfigurationName = Debug;
		};
		8046A34356FEE9EB73AEA6EA /* Build configuration list for PBXProject "Klaro" */ = {
			isa = XCConfigurationList;
			buildConfigurations = (
				77C0D2480A4922500A8F3569 /* Debug */,
				96BF1612C09A33F6E2F711D6 /* Release */,
			);
			defaultConfigurationIsVisible = 0;
			defaultConfigurationName = Debug;
		};
		8F722BF7162EBA333E08DA1F /* Build configuration list for PBXNativeTarget "KlaroUITests" */ = {
			isa = XCConfigurationList;
			buildConfigurations = (
				7B78E5B7AA3393E2CC7352D0 /* Debug */,
				D226D3B1F33E672252BA0900 /* Release */,
			);
			defaultConfigurationIsVisible = 0;
			defaultConfigurationName = Debug;
		};
		9A8F89D1908851485DADAA89 /* Build configuration list for PBXNativeTarget "Klaro" */ = {
			isa = XCConfigurationList;
			buildConfigurations = (
				C327D19EEB47BC9AF97E2D92 /* Debug */,
				1EE99C00C01D8BD01B6FF012 /* Release */,
			);
			defaultConfigurationIsVisible = 0;
			defaultConfigurationName = Debug;
		};
/* End XCConfigurationList section */

/* Begin XCRemoteSwiftPackageReference section */
		429BE1D1515C261744FEDB23 /* XCRemoteSwiftPackageReference "CodeEditor" */ = {
			isa = XCRemoteSwiftPackageReference;
			repositoryURL = "https://github.com/ZeeZide/CodeEditor.git";
			requirement = {
				kind = upToNextMajorVersion;
				minimumVersion = 1.2.6;
			};
		};
		753D6FD56B01578678B5EE44 /* XCRemoteSwiftPackageReference "client" */ = {
			isa = XCRemoteSwiftPackageReference;
			repositoryURL = "https://github.com/swiftkube/client.git";
			requirement = {
				kind = upToNextMajorVersion;
				minimumVersion = 0.17.0;
			};
		};
		7AD36A36FB8E0E9671DF3C15 /* XCRemoteSwiftPackageReference "model" */ = {
			isa = XCRemoteSwiftPackageReference;
			repositoryURL = "https://github.com/swiftkube/model.git";
			requirement = {
				kind = upToNextMajorVersion;
				minimumVersion = 0.14.0;
			};
		};
		85DB5D39F00D5880677B4633 /* XCRemoteSwiftPackageReference "SwiftTerm" */ = {
			isa = XCRemoteSwiftPackageReference;
			repositoryURL = "https://github.com/migueldeicaza/SwiftTerm.git";
			requirement = {
				kind = upToNextMajorVersion;
				minimumVersion = 1.2.8;
			};
		};
		C8F70354A2553435C31C8C79 /* XCRemoteSwiftPackageReference "Yams" */ = {
			isa = XCRemoteSwiftPackageReference;
			repositoryURL = "https://github.com/jpsim/Yams.git";
			requirement = {
				kind = upToNextMajorVersion;
				minimumVersion = 5.1.3;
			};
		};
/* End XCRemoteSwiftPackageReference section */

/* Begin XCSwiftPackageProductDependency section */
		4C9C5C0AB6A9D30B69DEBCE6 /* Yams */ = {
			isa = XCSwiftPackageProductDependency;
			package = C8F70354A2553435C31C8C79 /* XCRemoteSwiftPackageReference "Yams" */;
			productName = Yams;
		};
		67428439A2850C0C9FF54AB4 /* CodeEditor */ = {
			isa = XCSwiftPackageProductDependency;
			package = 429BE1D1515C261744FEDB23 /* XCRemoteSwiftPackageReference "CodeEditor" */;
			productName = CodeEditor;
		};
		B036DCE27351E283D659104A /* SwiftTerm */ = {
			isa = XCSwiftPackageProductDependency;
			package = 85DB5D39F00D5880677B4633 /* XCRemoteSwiftPackageReference "SwiftTerm" */;
			productName = SwiftTerm;
		};
		E19188BC1AE53392D7C8588C /* SwiftkubeClient */ = {
			isa = XCSwiftPackageProductDependency;
			package = 753D6FD56B01578678B5EE44 /* XCRemoteSwiftPackageReference "client" */;
			productName = SwiftkubeClient;
		};
		FFBFEE2DEA17B06381EF868B /* SwiftkubeModel */ = {
			isa = XCSwiftPackageProductDependency;
			package = 7AD36A36FB8E0E9671DF3C15 /* XCRemoteSwiftPackageReference "model" */;
			productName = SwiftkubeModel;
		};
/* End XCSwiftPackageProductDependency section */
	};
	rootObject = 1C3A057A8AC08B9679CA9CC3 /* Project object */;
}
